
Microsoft Visual Studio Solution File, Format Version 12.00
# Visual Studio 14
VisualStudioVersion = 14.0.25420.1
MinimumVisualStudioVersion = 10.0.40219.1
Project("{FAE04EC0-301F-11D3-BF4B-00C04F79EFBC}") = "AdventureGame", "AdventureGame\AdventureGame.csproj", "{BA42C1F2-1D72-43C3-91AC-481EA864A8AA}"
EndProject
Project("{FAE04EC0-301F-11D3-BF4B-00C04F79EFBC}") = "Engine", "Engine\Engine.csproj", "{BBB4D0EA-4ED5-4CDA-A302-68150DAA7FAB}"
EndProject
Global
	GlobalSection(SolutionConfigurationPlatforms) = preSolution
		Debug|Any CPU = Debug|Any CPU
		Release|Any CPU = Release|Any CPU
	EndGlobalSection
	GlobalSection(ProjectConfigurationPlatforms) = postSolution
		{BA42C1F2-1D72-43C3-91AC-481EA864A8AA}.Debug|Any CPU.ActiveCfg = Debug|Any CPU
		{BA42C1F2-1D72-43C3-91AC-481EA864A8AA}.Debug|Any CPU.Build.0 = Debug|Any CPU
		{BA42C1F2-1D72-43C3-91AC-481EA864A8AA}.Release|Any CPU.ActiveCfg = Release|Any CPU
		{BA42C1F2-1D72-43C3-91AC-481EA864A8AA}.Release|Any CPU.Build.0 = Release|Any CPU
		{BBB4D0EA-4ED5-4CDA-A302-68150DAA7FAB}.Debug|Any CPU.ActiveCfg = Debug|Any CPU
		{BBB4D0EA-4ED5-4CDA-A302-68150DAA7FAB}.Debug|Any CPU.Build.0 = Debug|Any CPU
		{BBB4D0EA-4ED5-4CDA-A302-68150DAA7FAB}.Release|Any CPU.ActiveCfg = Release|Any CPU
		{BBB4D0EA-4ED5-4CDA-A302-68150DAA7FAB}.Release|Any CPU.Build.0 = Release|Any CPU
	EndGlobalSection
	GlobalSection(SolutionProperties) = preSolution
		HideSolutionNode = FALSE
	EndGlobalSection
EndGlobal
